Microsoft Visual Studio Solution File, Format Version 12.00
# Visual Studio Version 17
VisualStudioVersion = 17.5.2.0
MinimumVisualStudioVersion = 10.0.40219.1
Project("{FAE04EC0-301F-11D3-BF4B-00C04F79EFBC}") = "SyntaxColorizer", "SyntaxColorizer.csproj", "{3F623DD7-331A-FA00-0742-E0BB22C98498}"
EndProject
Global
	GlobalSection(SolutionConfigurationPlatforms) = preSolution
		Debug|Any CPU = Debug|Any CPU
		Release|Any CPU = Release|Any CPU
	EndGlobalSection
	GlobalSection(ProjectConfigurationPlatforms) = postSolution
		{3F623DD7-331A-FA00-0742-E0BB22C98498}.Debug|Any CPU.ActiveCfg = Debug|Any CPU
		{3F623DD7-331A-FA00-0742-E0BB22C98498}.Debug|Any CPU.Build.0 = Debug|Any CPU
		{3F623DD7-331A-FA00-0742-E0BB22C98498}.Release|Any CPU.ActiveCfg = Release|Any CPU
		{3F623DD7-331A-FA00-0742-E0BB22C98498}.Release|Any CPU.Build.0 = Release|Any CPU
	EndGlobalSection
	GlobalSection(SolutionProperties) = preSolution
		HideSolutionNode = FALSE
	EndGlobalSection
	GlobalSection(ExtensibilityGlobals) = postSolution
		SolutionGuid = {CD0ED9D2-A53F-437E-9F03-423B97CF3D87}
	EndGlobalSection
EndGlobal
